<?xml version="1.0" encoding="UTF-8"?>
<CONFIG>
  <ProjectOptions>
    <Version Value="11"/>
    <General>
      <Flags>
        <LRSInOutputDirectory Value="False"/>
      </Flags>
      <MainUnit Value="0"/>
      <UseAppBundle Value="False"/>
    </General>
    <BuildModes Count="1">
      <Item1 Name="default" Default="True"/>
    </BuildModes>
    <PublishOptions>
      <Version Value="2"/>
    </PublishOptions>
    <RunParams>
      <FormatVersion Value="2"/>
      <Modes Count="1">
        <Mode0 Name="default"/>
      </Modes>
    </RunParams>
    <Units Count="3">
      <Unit0>
        <Filename Value="SPIDemo.lpr"/>
        <IsPartOfProject Value="True"/>
        <UsageCount Value="28"/>
        <Loaded Value="True"/>
        <LoadedDesigner Value="True"/>
      </Unit0>
      <Unit1>
        <Filename Value="../../Source/MBF.STM32L4.SPI.pas"/>
        <IsVisibleTab Value="True"/>
        <EditorIndex Value="1"/>
        <TopLine Value="55"/>
        <CursorPos X="53" Y="80"/>
        <UsageCount Value="14"/>
        <Loaded Value="True"/>
      </Unit1>
      <Unit2>
        <Filename Value="../../Source/MBF.STM32L4.UART.pas"/>
        <EditorIndex Value="-1"/>
        <TopLine Value="141"/>
        <CursorPos X="83" Y="191"/>
        <UsageCount Value="10"/>
      </Unit2>
    </Units>
    <JumpHistory Count="9" HistoryIndex="8">
      <Position1>
        <Filename Value="SPIDemo.lpr"/>
      </Position1>
      <Position2>
        <Filename Value="../../Source/MBF.STM32L4.SPI.pas"/>
        <Caret Line="20"/>
      </Position2>
      <Position3>
        <Filename Value="../../Source/MBF.STM32L4.SPI.pas"/>
        <Caret Line="73" TopLine="56"/>
      </Position3>
      <Position4>
        <Filename Value="../../Source/MBF.STM32L4.SPI.pas"/>
        <Caret Line="62" Column="53" TopLine="19"/>
      </Position4>
      <Position5>
        <Filename Value="../../Source/MBF.STM32L4.SPI.pas"/>
        <Caret Line="182" TopLine="156"/>
      </Position5>
      <Position6>
        <Filename Value="../../Source/MBF.STM32L4.SPI.pas"/>
        <Caret Line="181" Column="38" TopLine="156"/>
      </Position6>
      <Position7>
        <Filename Value="../../Source/MBF.STM32L4.SPI.pas"/>
        <Caret Line="77" Column="5" TopLine="71"/>
      </Position7>
      <Position8>
        <Filename Value="../../Source/MBF.STM32L4.SPI.pas"/>
        <Caret Line="187" Column="102" TopLine="152"/>
      </Position8>
      <Position9>
        <Filename Value="../../Source/MBF.STM32L4.SPI.pas"/>
        <Caret Line="63" Column="61" TopLine="28"/>
      </Position9>
    </JumpHistory>
  </ProjectOptions>
  <CompilerOptions>
    <Version Value="11"/>
    <Target>
      <Filename Value="SPIDemo"/>
    </Target>
    <SearchPaths>
      <IncludeFiles Value="../../Source;$(ProjOutDir)"/>
      <OtherUnitFiles Value="../../Source"/>
      <UnitOutputDirectory Value="lib/$(TargetCPU)-$(TargetOS)"/>
    </SearchPaths>
    <Parsing>
      <SyntaxOptions>
        <UseAnsiStrings Value="False"/>
      </SyntaxOptions>
    </Parsing>
    <CodeGeneration>
      <HeapSize Value="8192"/>
      <StackSize Value="8192"/>
      <TargetCPU Value="arm"/>
      <TargetOS Value="embedded"/>
    </CodeGeneration>
    <Linking>
      <Debugging>
        <DebugInfoType Value="dsDwarf2"/>
        <UseLineInfoUnit Value="False"/>
      </Debugging>
    </Linking>
    <Other>
      <CustomOptions Value="-Cparmv7em
-XParm-none-eabi-
-Wpnucleol432kc
-dnucleol432kc"/>
    </Other>
  </CompilerOptions>
</CONFIG>
