<?xml version="1.0" encoding="UTF-8"?>
<CONFIG>
  <ProjectOptions>
    <Version Value="12"/>
    <General>
      <UseAppBundle Value="False"/>
    </General>
    <BuildModes Count="1">
      <Item1 Name="default" Default="True"/>
    </BuildModes>
    <Units Count="1">
      <Unit0>
        <Filename Value="SIM33ELADemo.lpr"/>
        <IsPartOfProject Value="True"/>
        <IsVisibleTab Value="True"/>
        <Loaded Value="True"/>
      </Unit0>
    </Units>
  </ProjectOptions>
  <CompilerOptions>
    <Version Value="11"/>
    <Target>
      <Filename Value="SIM33ELADemo"/>
    </Target>
    <SearchPaths>
      <IncludeFiles Value="../../Source;$(ProjOutDir)"/>
      <OtherUnitFiles Value="../../Source"/>
      <UnitOutputDirectory Value="lib/$(TargetCPU)-$(TargetOS)"/>
    </SearchPaths>
    <CodeGeneration>
      <!--HeapSize Value="8192"/-->
      <!--StackSize Value="8192"/-->
      <TargetProcessor Value="MIPS32R2"/>
      <TargetCPU Value="mipsel"/>
      <TargetOS Value="embedded"/>
    </CodeGeneration>
    <Linking>
      <Debugging>
        <GenerateDebugInfo Value="True"/>
        <DebugInfoType Value="dsDwarf2"/>
        <UseLineInfoUnit Value="False"/>
      </Debugging>
    </Linking>
    <Other>
      <CustomOptions Value="
-Wpchipkitlenny
-dchipkitlenny
-godwarfsets
-godwarfcpp



      "/>
    </Other>
  </CompilerOptions>
</CONFIG>
