<?xml version="1.0" encoding="UTF-8"?>
<CONFIG>
  <ProjectOptions>
    <Version Value="11"/>
    <General>
      <Flags>
        <LRSInOutputDirectory Value="False"/>
      </Flags>
      <MainUnit Value="0"/>
      <UseAppBundle Value="False"/>
    </General>
    <BuildModes Count="1">
      <Item1 Name="default" Default="True"/>
    </BuildModes>
    <PublishOptions>
      <Version Value="2"/>
    </PublishOptions>
    <RunParams>
      <FormatVersion Value="2"/>
      <Modes Count="1">
        <Mode0 Name="default"/>
      </Modes>
    </RunParams>
    <Units Count="4">
      <Unit0>
        <Filename Value="SerialPort.lpr"/>
        <IsPartOfProject Value="True"/>
        <CursorPos X="33"/>
        <UsageCount Value="22"/>
        <Loaded Value="True"/>
        <LoadedDesigner Value="True"/>
      </Unit0>
      <Unit1>
        <Filename Value="../../Source/MBF.STM32L4.UART.pas"/>
        <IsVisibleTab Value="True"/>
        <EditorIndex Value="1"/>
        <TopLine Value="222"/>
        <CursorPos X="19" Y="242"/>
        <UsageCount Value="11"/>
        <Loaded Value="True"/>
      </Unit1>
      <Unit2>
        <Filename Value="../../Source/MBF.Boards.STM32L4.inc"/>
        <EditorIndex Value="3"/>
        <TopLine Value="49"/>
        <CursorPos X="111" Y="66"/>
        <UsageCount Value="10"/>
        <Loaded Value="True"/>
      </Unit2>
      <Unit3>
        <Filename Value="../../Source/MBF.STM32L4.SystemCore.pas"/>
        <UnitName Value="mbf.stm32l4.systemcore"/>
        <EditorIndex Value="2"/>
        <TopLine Value="30"/>
        <UsageCount Value="10"/>
        <Loaded Value="True"/>
      </Unit3>
    </Units>
    <JumpHistory Count="6" HistoryIndex="5">
      <Position1>
        <Filename Value="SerialPort.lpr"/>
      </Position1>
      <Position2>
        <Filename Value="SerialPort.lpr"/>
        <Caret Line="55" TopLine="18"/>
      </Position2>
      <Position3>
        <Filename Value="../../Source/MBF.STM32L4.UART.pas"/>
        <Caret Line="192" Column="13" TopLine="176"/>
      </Position3>
      <Position4>
        <Filename Value="../../Source/MBF.STM32L4.UART.pas"/>
        <Caret Line="602" Column="5" TopLine="556"/>
      </Position4>
      <Position5>
        <Filename Value="../../Source/MBF.STM32L4.UART.pas"/>
        <Caret Line="122" Column="31" TopLine="79"/>
      </Position5>
      <Position6>
        <Filename Value="../../Source/MBF.STM32L4.UART.pas"/>
        <Caret Line="215" Column="29" TopLine="182"/>
      </Position6>
    </JumpHistory>
  </ProjectOptions>
  <CompilerOptions>
    <Version Value="11"/>
    <Target>
      <Filename Value="SerialPort"/>
    </Target>
    <SearchPaths>
      <IncludeFiles Value="../../Source;$(ProjOutDir)"/>
      <OtherUnitFiles Value="../../Source"/>
      <UnitOutputDirectory Value="lib/$(TargetCPU)-$(TargetOS)"/>
    </SearchPaths>
    <Parsing>
      <SyntaxOptions>
        <UseAnsiStrings Value="False"/>
      </SyntaxOptions>
    </Parsing>
    <CodeGeneration>
      <HeapSize Value="8192"/>
      <StackSize Value="8192"/>
      <TargetCPU Value="arm"/>
      <TargetOS Value="embedded"/>
    </CodeGeneration>
    <Linking>
      <Debugging>
        <DebugInfoType Value="dsDwarf2"/>
        <UseLineInfoUnit Value="False"/>
      </Debugging>
    </Linking>
    <Other>
      <CustomOptions Value="-Cparmv7em
-XParm-none-eabi-
-Wpnucleol432kc
-dnucleol432kc"/>
    </Other>
  </CompilerOptions>
</CONFIG>
