<?xml version="1.0" encoding="UTF-8"?>
<CONFIG>
  <ProjectOptions>
    <Version Value="11"/>
    <General>
      <Flags>
        <LRSInOutputDirectory Value="False"/>
      </Flags>
      <MainUnit Value="0"/>
      <UseAppBundle Value="False"/>
    </General>
    <BuildModes Count="1">
      <Item1 Name="default" Default="True"/>
    </BuildModes>
    <PublishOptions>
      <Version Value="2"/>
    </PublishOptions>
    <RunParams>
      <FormatVersion Value="2"/>
      <Modes Count="1">
        <Mode0 Name="default"/>
      </Modes>
    </RunParams>
    <Units Count="4">
      <Unit0>
        <Filename Value="CRCDemo.lpr"/>
        <IsPartOfProject Value="True"/>
        <CursorPos X="27" Y="21"/>
        <UsageCount Value="29"/>
        <Loaded Value="True"/>
        <LoadedDesigner Value="True"/>
      </Unit0>
      <Unit1>
        <Filename Value="../../Source/MBF.CRC.pas"/>
        <EditorIndex Value="3"/>
        <CursorPos X="10"/>
        <UsageCount Value="14"/>
        <Loaded Value="True"/>
      </Unit1>
      <Unit2>
        <Filename Value="../../Source/MBF.PIC32MX.SystemCore.pas"/>
        <EditorIndex Value="2"/>
        <TopLine Value="206"/>
        <CursorPos X="46" Y="226"/>
        <UsageCount Value="14"/>
        <Loaded Value="True"/>
      </Unit2>
      <Unit3>
        <Filename Value="../../Source/MBF.PIC32MX.CRC.pas"/>
        <IsVisibleTab Value="True"/>
        <EditorIndex Value="1"/>
        <CursorPos X="3" Y="28"/>
        <UsageCount Value="13"/>
        <Loaded Value="True"/>
      </Unit3>
    </Units>
    <JumpHistory Count="20" HistoryIndex="19">
      <Position1>
        <Filename Value="CRCDemo.lpr"/>
        <Caret Line="70" Column="7" TopLine="30"/>
      </Position1>
      <Position2>
        <Filename Value="../../Source/MBF.CRC.pas"/>
        <Caret Line="181" Column="15" TopLine="141"/>
      </Position2>
      <Position3>
        <Filename Value="CRCDemo.lpr"/>
        <Caret Line="28" Column="3" TopLine="14"/>
      </Position3>
      <Position4>
        <Filename Value="CRCDemo.lpr"/>
        <Caret Line="70" Column="17" TopLine="30"/>
      </Position4>
      <Position5>
        <Filename Value="../../Source/MBF.CRC.pas"/>
        <Caret Line="102" Column="49" TopLine="75"/>
      </Position5>
      <Position6>
        <Filename Value="../../Source/MBF.CRC.pas"/>
        <Caret Line="378" Column="49" TopLine="349"/>
      </Position6>
      <Position7>
        <Filename Value="../../Source/MBF.CRC.pas"/>
        <Caret Line="30" Column="88"/>
      </Position7>
      <Position8>
        <Filename Value="../../Source/MBF.CRC.pas"/>
        <Caret Line="38" Column="28"/>
      </Position8>
      <Position9>
        <Filename Value="../../Source/MBF.CRC.pas"/>
        <Caret Line="21" Column="8"/>
      </Position9>
      <Position10>
        <Filename Value="../../Source/MBF.CRC.pas"/>
        <Caret Line="23" Column="34" TopLine="3"/>
      </Position10>
      <Position11>
        <Filename Value="CRCDemo.lpr"/>
        <Caret Line="21" Column="26"/>
      </Position11>
      <Position12>
        <Filename Value="CRCDemo.lpr"/>
        <Caret Line="34" Column="13" TopLine="14"/>
      </Position12>
      <Position13>
        <Filename Value="../../Source/MBF.PIC32MX.CRC.pas"/>
        <Caret Line="25" Column="29"/>
      </Position13>
      <Position14>
        <Filename Value="../../Source/MBF.PIC32MX.CRC.pas"/>
        <Caret Line="26" Column="12"/>
      </Position14>
      <Position15>
        <Filename Value="../../Source/MBF.PIC32MX.CRC.pas"/>
        <Caret Line="25" Column="14"/>
      </Position15>
      <Position16>
        <Filename Value="../../Source/MBF.PIC32MX.CRC.pas"/>
        <Caret Line="20" Column="26"/>
      </Position16>
      <Position17>
        <Filename Value="../../Source/MBF.PIC32MX.CRC.pas"/>
        <Caret Line="25" Column="8"/>
      </Position17>
      <Position18>
        <Filename Value="../../Source/MBF.CRC.pas"/>
        <Caret Column="43"/>
      </Position18>
      <Position19>
        <Filename Value="../../Source/MBF.CRC.pas"/>
        <Caret Line="48" Column="37"/>
      </Position19>
      <Position20>
        <Filename Value="../../Source/MBF.CRC.pas"/>
        <Caret Column="44"/>
      </Position20>
    </JumpHistory>
  </ProjectOptions>
  <CompilerOptions>
    <Version Value="11"/>
    <Target>
      <Filename Value="CRCDemo"/>
    </Target>
    <SearchPaths>
      <IncludeFiles Value="../../Source;$(ProjOutDir)"/>
      <OtherUnitFiles Value="../../Source"/>
      <UnitOutputDirectory Value="lib/$(TargetCPU)-$(TargetOS)"/>
    </SearchPaths>
    <Parsing>
      <SyntaxOptions>
        <UseAnsiStrings Value="False"/>
      </SyntaxOptions>
    </Parsing>
    <CodeGeneration>
      <HeapSize Value="8192"/>
      <StackSize Value="8192"/>
      <TargetCPU Value="mipsel"/>
      <TargetOS Value="embedded"/>
    </CodeGeneration>
    <Linking>
      <Debugging>
        <DebugInfoType Value="dsDwarf2"/>
        <UseLineInfoUnit Value="False"/>
      </Debugging>
    </Linking>
    <Other>
      <CustomOptions Value="-Cpmips32r2
-XPmips-sde-elf-
-Wppic32mx150f128b
-dpic32mx150f128b"/>
    </Other>
  </CompilerOptions>
</CONFIG>
