<?xml version="1.0" encoding="UTF-8"?>
<CONFIG>
  <ProjectOptions>
    <Version Value="11"/>
    <General>
      <Flags>
        <LRSInOutputDirectory Value="False"/>
      </Flags>
      <MainUnit Value="0"/>
      <UseAppBundle Value="False"/>
    </General>
    <BuildModes Count="1">
      <Item1 Name="default" Default="True"/>
    </BuildModes>
    <PublishOptions>
      <Version Value="2"/>
    </PublishOptions>
    <RunParams>
      <FormatVersion Value="2"/>
      <Modes Count="1">
        <Mode0 Name="default"/>
      </Modes>
    </RunParams>
    <Units Count="8">
      <Unit0>
        <Filename Value="SSD1306Demo.lpr"/>
        <IsPartOfProject Value="True"/>
        <IsVisibleTab Value="True"/>
        <CursorPos X="106" Y="58"/>
        <UsageCount Value="84"/>
        <Loaded Value="True"/>
        <LoadedDesigner Value="True"/>
      </Unit0>
      <Unit1>
        <Filename Value="../../Source/MBF.Displays.SSD1306.pas"/>
        <EditorIndex Value="1"/>
        <TopLine Value="193"/>
        <CursorPos X="3" Y="241"/>
        <UsageCount Value="42"/>
        <Loaded Value="True"/>
      </Unit1>
      <Unit2>
        <Filename Value="../../Source/MBF.Displays.CustomDisplay.pas"/>
        <EditorIndex Value="2"/>
        <CursorPos X="30" Y="122"/>
        <UsageCount Value="40"/>
        <Loaded Value="True"/>
      </Unit2>
      <Unit3>
        <Filename Value="../../Source/MBF.STM32F4.SPI.pas"/>
        <UnitName Value="mbf.stm32f4.spi"/>
        <EditorIndex Value="-1"/>
        <TopLine Value="646"/>
        <CursorPos X="43" Y="670"/>
        <UsageCount Value="24"/>
      </Unit3>
      <Unit4>
        <Filename Value="../../Source/MBF.STM32F4.GPIO.pas"/>
        <UnitName Value="mbf.stm32f4.gpio"/>
        <EditorIndex Value="-1"/>
        <TopLine Value="67"/>
        <CursorPos Y="109"/>
        <UsageCount Value="29"/>
      </Unit4>
      <Unit5>
        <Filename Value="../SSD1963Demo/MBF.Fonts.DroidSansMono16x24_antialiased.pas"/>
        <EditorIndex Value="-1"/>
        <CursorPos Y="6"/>
        <UsageCount Value="13"/>
      </Unit5>
      <Unit6>
        <Filename Value="MBF.Fonts.Hack12x16.pas"/>
        <EditorIndex Value="3"/>
        <TopLine Value="878"/>
        <CursorPos Y="28"/>
        <UsageCount Value="23"/>
        <Loaded Value="True"/>
      </Unit6>
      <Unit7>
        <Filename Value="../../Source/MBF.Displays.SSD1963.pas"/>
        <EditorIndex Value="-1"/>
        <TopLine Value="442"/>
        <CursorPos Y="50"/>
        <UsageCount Value="13"/>
      </Unit7>
    </Units>
    <JumpHistory Count="30" HistoryIndex="29">
      <Position1>
        <Filename Value="../../Source/MBF.Displays.SSD1306.pas"/>
        <Caret Line="38" Column="5"/>
      </Position1>
      <Position2>
        <Filename Value="../../Source/MBF.Displays.SSD1306.pas"/>
        <Caret Line="49" TopLine="45"/>
      </Position2>
      <Position3>
        <Filename Value="../../Source/MBF.Displays.SSD1306.pas"/>
        <Caret Line="163" Column="19" TopLine="141"/>
      </Position3>
      <Position4>
        <Filename Value="../../Source/MBF.Displays.SSD1306.pas"/>
        <Caret Line="160" Column="15" TopLine="138"/>
      </Position4>
      <Position5>
        <Filename Value="../../Source/MBF.Displays.SSD1306.pas"/>
        <Caret Line="170" Column="22" TopLine="140"/>
      </Position5>
      <Position6>
        <Filename Value="../../Source/MBF.Displays.SSD1306.pas"/>
        <Caret Line="165" Column="6" TopLine="141"/>
      </Position6>
      <Position7>
        <Filename Value="../../Source/MBF.Displays.SSD1306.pas"/>
        <Caret Line="82" Column="22" TopLine="75"/>
      </Position7>
      <Position8>
        <Filename Value="../../Source/MBF.Displays.SSD1306.pas"/>
        <Caret Line="154" Column="22" TopLine="114"/>
      </Position8>
      <Position9>
        <Filename Value="../../Source/MBF.Displays.SSD1306.pas"/>
        <Caret Line="75" Column="19" TopLine="51"/>
      </Position9>
      <Position10>
        <Filename Value="../../Source/MBF.Displays.CustomDisplay.pas"/>
        <Caret Column="30"/>
      </Position10>
      <Position11>
        <Filename Value="../../Source/MBF.Displays.CustomDisplay.pas"/>
        <Caret Line="159" Column="21" TopLine="118"/>
      </Position11>
      <Position12>
        <Filename Value="../../Source/MBF.Displays.CustomDisplay.pas"/>
        <Caret Line="161" Column="21" TopLine="120"/>
      </Position12>
      <Position13>
        <Filename Value="../../Source/MBF.Displays.SSD1306.pas"/>
        <Caret Column="21"/>
      </Position13>
      <Position14>
        <Filename Value="../../Source/MBF.Displays.SSD1306.pas"/>
        <Caret Line="75" Column="19" TopLine="34"/>
      </Position14>
      <Position15>
        <Filename Value="../../Source/MBF.Displays.SSD1306.pas"/>
        <Caret Line="154" Column="19" TopLine="114"/>
      </Position15>
      <Position16>
        <Filename Value="../../Source/MBF.Displays.CustomDisplay.pas"/>
        <Caret Line="121" Column="82" TopLine="94"/>
      </Position16>
      <Position17>
        <Filename Value="../../Source/MBF.Displays.CustomDisplay.pas"/>
        <Caret Line="122" Column="27" TopLine="97"/>
      </Position17>
      <Position18>
        <Filename Value="../../Source/MBF.Displays.SSD1306.pas"/>
        <Caret Line="174" Column="59" TopLine="144"/>
      </Position18>
      <Position19>
        <Filename Value="SSD1306Demo.lpr"/>
        <Caret Line="26" Column="22" TopLine="5"/>
      </Position19>
      <Position20>
        <Filename Value="../../Source/MBF.Displays.SSD1306.pas"/>
        <Caret Line="174" Column="66" TopLine="137"/>
      </Position20>
      <Position21>
        <Filename Value="../../Source/MBF.Displays.SSD1306.pas"/>
        <Caret Line="182" Column="3" TopLine="58"/>
      </Position21>
      <Position22>
        <Filename Value="../../Source/MBF.Displays.SSD1306.pas"/>
        <Caret Line="71" Column="24" TopLine="42"/>
      </Position22>
      <Position23>
        <Filename Value="../../Source/MBF.Displays.SSD1306.pas"/>
        <Caret Line="40" Column="5"/>
      </Position23>
      <Position24>
        <Filename Value="SSD1306Demo.lpr"/>
        <Caret Line="54" Column="28" TopLine="8"/>
      </Position24>
      <Position25>
        <Filename Value="SSD1306Demo.lpr"/>
        <Caret Line="50" Column="89" TopLine="9"/>
      </Position25>
      <Position26>
        <Filename Value="../../Source/MBF.Displays.SSD1306.pas"/>
        <Caret Line="201" Column="46" TopLine="176"/>
      </Position26>
      <Position27>
        <Filename Value="SSD1306Demo.lpr"/>
        <Caret Line="74" Column="35" TopLine="40"/>
      </Position27>
      <Position28>
        <Filename Value="SSD1306Demo.lpr"/>
        <Caret Line="62" TopLine="22"/>
      </Position28>
      <Position29>
        <Filename Value="../../Source/MBF.Displays.SSD1306.pas"/>
        <Caret Line="241" Column="3" TopLine="193"/>
      </Position29>
      <Position30>
        <Filename Value="SSD1306Demo.lpr"/>
        <Caret Line="84" Column="30" TopLine="43"/>
      </Position30>
    </JumpHistory>
  </ProjectOptions>
  <CompilerOptions>
    <Version Value="11"/>
    <Target>
      <Filename Value="SSD1306Demo"/>
    </Target>
    <SearchPaths>
      <IncludeFiles Value="../../Source;$(ProjOutDir)"/>
      <OtherUnitFiles Value="../../Source"/>
      <UnitOutputDirectory Value="lib/$(TargetCPU)-$(TargetOS)"/>
    </SearchPaths>
    <Parsing>
      <SyntaxOptions>
        <UseAnsiStrings Value="False"/>
      </SyntaxOptions>
    </Parsing>
    <CodeGeneration>
      <HeapSize Value="8192"/>
      <StackSize Value="8192"/>
      <TargetCPU Value="arm"/>
      <TargetOS Value="embedded"/>
    </CodeGeneration>
    <Linking>
      <Debugging>
        <DebugInfoType Value="dsDwarf2"/>
        <UseLineInfoUnit Value="False"/>
      </Debugging>
    </Linking>
    <Other>
      <CustomOptions Value="-Cparmv7em
-XParm-none-eabi-
-Wpnucleof401re
-dnucleof401re"/>
    </Other>
  </CompilerOptions>
</CONFIG>
