<?xml version="1.0" encoding="UTF-8"?>
<CONFIG>
  <ProjectOptions>
    <Version Value="11"/>
    <General>
      <Flags>
        <LRSInOutputDirectory Value="False"/>
      </Flags>
      <MainUnit Value="0"/>
    </General>
    <BuildModes Count="1">
      <Item1 Name="default" Default="True"/>
    </BuildModes>
    <PublishOptions>
      <Version Value="2"/>
    </PublishOptions>
    <RunParams>
      <FormatVersion Value="2"/>
      <Modes Count="1">
        <Mode0 Name="default"/>
      </Modes>
    </RunParams>
    <Units Count="7">
      <Unit0>
        <Filename Value="AS5311Demo.lpr"/>
        <IsPartOfProject Value="True"/>
        <TopLine Value="25"/>
        <CursorPos X="10" Y="25"/>
        <UsageCount Value="166"/>
        <Loaded Value="True"/>
      </Unit0>
      <Unit1>
        <Filename Value="../../Source/MBF.STM32F1.GPIO.pas"/>
        <EditorIndex Value="6"/>
        <TopLine Value="128"/>
        <CursorPos Y="23"/>
        <UsageCount Value="83"/>
        <Loaded Value="True"/>
      </Unit1>
      <Unit2>
        <Filename Value="../../Source/MBF.STM32F4.GPIO.pas"/>
        <UnitName Value="mbf.stm32f4.gpio"/>
        <IsVisibleTab Value="True"/>
        <EditorIndex Value="5"/>
        <TopLine Value="226"/>
        <CursorPos X="3" Y="261"/>
        <UsageCount Value="78"/>
        <Loaded Value="True"/>
      </Unit2>
      <Unit3>
        <Filename Value="../../Source/MBF.STM32F4.UART.pas"/>
        <UnitName Value="mbf.stm32f4.uart"/>
        <EditorIndex Value="4"/>
        <TopLine Value="205"/>
        <CursorPos Y="20"/>
        <UsageCount Value="76"/>
        <Loaded Value="True"/>
      </Unit3>
      <Unit4>
        <Filename Value="../../Source/MBF.TypeHelpers.pas"/>
        <UnitName Value="MBF.typehelpers"/>
        <EditorIndex Value="3"/>
        <TopLine Value="161"/>
        <CursorPos Y="161"/>
        <UsageCount Value="75"/>
        <Loaded Value="True"/>
      </Unit4>
      <Unit5>
        <Filename Value="../../Source/MBF.STM32F4.SystemCore.pas"/>
        <UnitName Value="mbf.stm32f4.systemcore"/>
        <EditorIndex Value="2"/>
        <TopLine Value="69"/>
        <CursorPos X="5" Y="107"/>
        <UsageCount Value="50"/>
        <Loaded Value="True"/>
      </Unit5>
      <Unit6>
        <Filename Value="../../Source/MBF.SystemCore.pas"/>
        <EditorIndex Value="1"/>
        <TopLine Value="97"/>
        <CursorPos X="36" Y="33"/>
        <UsageCount Value="48"/>
        <Loaded Value="True"/>
      </Unit6>
    </Units>
    <JumpHistory Count="30" HistoryIndex="29">
      <Position1>
        <Filename Value="../../Source/MBF.TypeHelpers.pas"/>
        <Caret Line="501" Column="66" TopLine="467"/>
      </Position1>
      <Position2>
        <Filename Value="../../Source/MBF.TypeHelpers.pas"/>
        <Caret Line="136" Column="5" TopLine="116"/>
      </Position2>
      <Position3>
        <Filename Value="../../Source/MBF.TypeHelpers.pas"/>
        <Caret Line="496" Column="60" TopLine="467"/>
      </Position3>
      <Position4>
        <Filename Value="../../Source/MBF.TypeHelpers.pas"/>
        <Caret Line="137" Column="84" TopLine="117"/>
      </Position4>
      <Position5>
        <Filename Value="../../Source/MBF.TypeHelpers.pas"/>
        <Caret Line="139" Column="82" TopLine="117"/>
      </Position5>
      <Position6>
        <Filename Value="../../Source/MBF.TypeHelpers.pas"/>
        <Caret Line="501" Column="47" TopLine="467"/>
      </Position6>
      <Position7>
        <Filename Value="../../Source/MBF.TypeHelpers.pas"/>
        <Caret Line="137" Column="12" TopLine="117"/>
      </Position7>
      <Position8>
        <Filename Value="../../Source/MBF.TypeHelpers.pas"/>
        <Caret Line="501" Column="46" TopLine="467"/>
      </Position8>
      <Position9>
        <Filename Value="../../Source/MBF.TypeHelpers.pas"/>
        <Caret Line="137" Column="12" TopLine="115"/>
      </Position9>
      <Position10>
        <Filename Value="../../Source/MBF.TypeHelpers.pas"/>
        <Caret Line="501" Column="74" TopLine="467"/>
      </Position10>
      <Position11>
        <Filename Value="../../Source/MBF.TypeHelpers.pas"/>
        <Caret Line="139" Column="5" TopLine="117"/>
      </Position11>
      <Position12>
        <Filename Value="../../Source/MBF.TypeHelpers.pas"/>
        <Caret Line="135" Column="3" TopLine="121"/>
      </Position12>
      <Position13>
        <Filename Value="../../Source/MBF.TypeHelpers.pas"/>
        <Caret Line="460" Column="24" TopLine="452"/>
      </Position13>
      <Position14>
        <Filename Value="../../Source/MBF.TypeHelpers.pas"/>
        <Caret Line="471" TopLine="451"/>
      </Position14>
      <Position15>
        <Filename Value="../../Source/MBF.TypeHelpers.pas"/>
        <Caret Line="501" TopLine="482"/>
      </Position15>
      <Position16>
        <Filename Value="../../Source/MBF.TypeHelpers.pas"/>
        <Caret Line="150" Column="43" TopLine="130"/>
      </Position16>
      <Position17>
        <Filename Value="../../Source/MBF.TypeHelpers.pas"/>
        <Caret Line="536" Column="63" TopLine="516"/>
      </Position17>
      <Position18>
        <Filename Value="AS5311Demo.lpr"/>
        <Caret Line="67" Column="28" TopLine="36"/>
      </Position18>
      <Position19>
        <Filename Value="AS5311Demo.lpr"/>
        <Caret Line="81" TopLine="57"/>
      </Position19>
      <Position20>
        <Filename Value="AS5311Demo.lpr"/>
        <Caret Line="31" Column="21" TopLine="11"/>
      </Position20>
      <Position21>
        <Filename Value="AS5311Demo.lpr"/>
        <Caret Line="71" Column="15" TopLine="51"/>
      </Position21>
      <Position22>
        <Filename Value="../../Source/MBF.TypeHelpers.pas"/>
        <Caret Line="597" Column="4" TopLine="557"/>
      </Position22>
      <Position23>
        <Filename Value="../../Source/MBF.TypeHelpers.pas"/>
        <Caret Line="182" TopLine="144"/>
      </Position23>
      <Position24>
        <Filename Value="../../Source/MBF.TypeHelpers.pas"/>
        <Caret Line="615" Column="17" TopLine="578"/>
      </Position24>
      <Position25>
        <Filename Value="../../Source/MBF.TypeHelpers.pas"/>
        <Caret Line="606" Column="33" TopLine="578"/>
      </Position25>
      <Position26>
        <Filename Value="../../Source/MBF.TypeHelpers.pas"/>
        <Caret Line="622" TopLine="582"/>
      </Position26>
      <Position27>
        <Filename Value="AS5311Demo.lpr"/>
        <Caret Line="101" Column="44" TopLine="67"/>
      </Position27>
      <Position28>
        <Filename Value="AS5311Demo.lpr"/>
        <Caret Line="72" Column="29" TopLine="46"/>
      </Position28>
      <Position29>
        <Filename Value="AS5311Demo.lpr"/>
        <Caret Line="96" Column="72" TopLine="67"/>
      </Position29>
      <Position30>
        <Filename Value="AS5311Demo.lpr"/>
        <Caret Line="147" Column="31" TopLine="114"/>
      </Position30>
    </JumpHistory>
  </ProjectOptions>
  <CompilerOptions>
    <Version Value="11"/>
    <Target>
      <Filename Value="AS5311Demo"/>
    </Target>
    <SearchPaths>
      <IncludeFiles Value="../../Source;$(ProjOutDir)"/>
      <OtherUnitFiles Value="../../Source"/>
      <UnitOutputDirectory Value="lib/$(TargetCPU)-$(TargetOS)"/>
    </SearchPaths>
    <Parsing>
      <SyntaxOptions>
        <UseAnsiStrings Value="False"/>
      </SyntaxOptions>
    </Parsing>
    <CodeGeneration>
      <HeapSize Value="8192"/>
      <StackSize Value="8192"/>
      <TargetCPU Value="arm"/>
      <TargetOS Value="embedded"/>
    </CodeGeneration>
    <Linking>
      <Debugging>
        <UseLineInfoUnit Value="False"/>
      </Debugging>
    </Linking>
    <Other>
      <CustomOptions Value="-Cparmv7em
         -XP/usr/local/bin/arm-none-eabi-
         -Wpnucleof411re
         -dnucleof411re"/>
    </Other>
  </CompilerOptions>
</CONFIG>
