<?xml version="1.0" encoding="UTF-8"?>
<CONFIG>
  <ProjectOptions>
    <Version Value="11"/>
    <General>
      <Flags>
        <LRSInOutputDirectory Value="False"/>
      </Flags>
      <MainUnit Value="0"/>
      <UseAppBundle Value="False"/>
    </General>
    <BuildModes Count="1">
      <Item1 Name="default" Default="True"/>
    </BuildModes>
    <PublishOptions>
      <Version Value="2"/>
    </PublishOptions>
    <RunParams>
      <FormatVersion Value="2"/>
      <Modes Count="1">
        <Mode0 Name="default"/>
      </Modes>
    </RunParams>
    <Units Count="2">
      <Unit0>
        <Filename Value="Blinky.lpr"/>
        <IsPartOfProject Value="True"/>
        <IsVisibleTab Value="True"/>
        <CursorPos X="26"/>
        <UsageCount Value="21"/>
        <Loaded Value="True"/>
        <LoadedDesigner Value="True"/>
      </Unit0>
      <Unit1>
        <Filename Value="../../../fpc-arm/rtl/inc/system.inc"/>
        <EditorIndex Value="1"/>
        <TopLine Value="938"/>
        <CursorPos Y="955"/>
        <UsageCount Value="10"/>
        <Loaded Value="True"/>
      </Unit1>
    </Units>
    <JumpHistory Count="30" HistoryIndex="29">
      <Position1>
        <Filename Value="../../../fpc-arm/rtl/inc/system.inc"/>
        <Caret Line="955" TopLine="938"/>
      </Position1>
      <Position2>
        <Filename Value="../../../fpc-arm/rtl/inc/system.inc"/>
        <Caret Line="933" TopLine="914"/>
      </Position2>
      <Position3>
        <Filename Value="../../../fpc-arm/rtl/inc/system.inc"/>
        <Caret Line="941" TopLine="914"/>
      </Position3>
      <Position4>
        <Filename Value="../../../fpc-arm/rtl/inc/system.inc"/>
        <Caret Line="946" TopLine="916"/>
      </Position4>
      <Position5>
        <Filename Value="../../../fpc-arm/rtl/inc/system.inc"/>
        <Caret Line="948" TopLine="918"/>
      </Position5>
      <Position6>
        <Filename Value="../../../fpc-arm/rtl/inc/system.inc"/>
        <Caret Line="955" TopLine="938"/>
      </Position6>
      <Position7>
        <Filename Value="../../../fpc-arm/rtl/inc/system.inc"/>
        <Caret Line="949" TopLine="938"/>
      </Position7>
      <Position8>
        <Filename Value="../../../fpc-arm/rtl/inc/system.inc"/>
        <Caret Line="950" TopLine="938"/>
      </Position8>
      <Position9>
        <Filename Value="../../../fpc-arm/rtl/inc/system.inc"/>
        <Caret Line="946" TopLine="938"/>
      </Position9>
      <Position10>
        <Filename Value="../../../fpc-arm/rtl/inc/system.inc"/>
        <Caret Line="953" TopLine="938"/>
      </Position10>
      <Position11>
        <Filename Value="../../../fpc-arm/rtl/inc/system.inc"/>
        <Caret Line="955" TopLine="938"/>
      </Position11>
      <Position12>
        <Filename Value="../../../fpc-arm/rtl/inc/system.inc"/>
        <Caret Line="954" TopLine="938"/>
      </Position12>
      <Position13>
        <Filename Value="../../../fpc-arm/rtl/inc/system.inc"/>
        <Caret Line="955" TopLine="938"/>
      </Position13>
      <Position14>
        <Filename Value="Blinky.lpr"/>
        <Caret Line="25"/>
      </Position14>
      <Position15>
        <Filename Value="Blinky.lpr"/>
        <Caret Line="26"/>
      </Position15>
      <Position16>
        <Filename Value="Blinky.lpr"/>
        <Caret Line="24"/>
      </Position16>
      <Position17>
        <Filename Value="../../../fpc-arm/rtl/inc/system.inc"/>
        <Caret Line="955" TopLine="938"/>
      </Position17>
      <Position18>
        <Filename Value="../../../fpc-arm/rtl/inc/system.inc"/>
        <Caret Line="933" TopLine="914"/>
      </Position18>
      <Position19>
        <Filename Value="../../../fpc-arm/rtl/inc/system.inc"/>
        <Caret Line="941" TopLine="914"/>
      </Position19>
      <Position20>
        <Filename Value="../../../fpc-arm/rtl/inc/system.inc"/>
        <Caret Line="946" TopLine="916"/>
      </Position20>
      <Position21>
        <Filename Value="../../../fpc-arm/rtl/inc/system.inc"/>
        <Caret Line="948" TopLine="918"/>
      </Position21>
      <Position22>
        <Filename Value="../../../fpc-arm/rtl/inc/system.inc"/>
        <Caret Line="955" TopLine="938"/>
      </Position22>
      <Position23>
        <Filename Value="../../../fpc-arm/rtl/inc/system.inc"/>
        <Caret Line="949" TopLine="938"/>
      </Position23>
      <Position24>
        <Filename Value="../../../fpc-arm/rtl/inc/system.inc"/>
        <Caret Line="950" TopLine="938"/>
      </Position24>
      <Position25>
        <Filename Value="../../../fpc-arm/rtl/inc/system.inc"/>
        <Caret Line="946" TopLine="938"/>
      </Position25>
      <Position26>
        <Filename Value="../../../fpc-arm/rtl/inc/system.inc"/>
        <Caret Line="953" TopLine="938"/>
      </Position26>
      <Position27>
        <Filename Value="../../../fpc-arm/rtl/inc/system.inc"/>
        <Caret Line="955" TopLine="938"/>
      </Position27>
      <Position28>
        <Filename Value="../../../fpc-arm/rtl/inc/system.inc"/>
        <Caret Line="954" TopLine="938"/>
      </Position28>
      <Position29>
        <Filename Value="../../../fpc-arm/rtl/inc/system.inc"/>
        <Caret Line="955" TopLine="938"/>
      </Position29>
      <Position30>
        <Filename Value="Blinky.lpr"/>
        <Caret Line="25"/>
      </Position30>
    </JumpHistory>
  </ProjectOptions>
  <CompilerOptions>
    <Version Value="11"/>
    <Target>
      <Filename Value="Blinky"/>
    </Target>
    <SearchPaths>
      <IncludeFiles Value="../../Source;$(ProjOutDir)"/>
      <OtherUnitFiles Value="../../Source"/>
      <UnitOutputDirectory Value="lib/$(TargetCPU)-$(TargetOS)"/>
    </SearchPaths>
    <Parsing>
      <SyntaxOptions>
        <UseAnsiStrings Value="False"/>
      </SyntaxOptions>
    </Parsing>
    <CodeGeneration>
      <HeapSize Value="8192"/>
      <StackSize Value="8192"/>
      <TargetCPU Value="arm"/>
      <TargetOS Value="embedded"/>
    </CodeGeneration>
    <Linking>
      <Debugging>
        <DebugInfoType Value="dsDwarf3"/>
        <UseLineInfoUnit Value="False"/>
      </Debugging>
    </Linking>
    <Other>
      <CustomOptions Value="-Cparmv7em
-XP/usr/local/bin/arm-none-eabi-
-Wpnucleol432kc
-dnucleol432kc"/>
    </Other>
  </CompilerOptions>
</CONFIG>
