<?xml version="1.0" encoding="UTF-8"?>
<CONFIG>
  <ProjectOptions>
    <Version Value="11"/>
    <General>
      <Flags>
        <LRSInOutputDirectory Value="False"/>
      </Flags>
      <MainUnit Value="0"/>
      <UseAppBundle Value="False"/>
    </General>
    <BuildModes Count="1">
      <Item1 Name="default" Default="True"/>
    </BuildModes>
    <PublishOptions>
      <Version Value="2"/>
    </PublishOptions>
    <RunParams>
      <FormatVersion Value="2"/>
      <Modes Count="1">
        <Mode0 Name="default"/>
      </Modes>
    </RunParams>
    <Units Count="3">
      <Unit0>
        <Filename Value="Blinky.lpr"/>
        <IsPartOfProject Value="True"/>
        <CursorPos Y="26"/>
        <UsageCount Value="20"/>
        <Loaded Value="True"/>
        <LoadedDesigner Value="True"/>
      </Unit0>
      <Unit1>
        <Filename Value="../../Source/MBF.SystemCore.pas"/>
        <IsVisibleTab Value="True"/>
        <EditorIndex Value="2"/>
        <TopLine Value="201"/>
        <CursorPos X="3" Y="227"/>
        <UsageCount Value="10"/>
        <Loaded Value="True"/>
      </Unit1>
      <Unit2>
        <Filename Value="../../Source/MBF.PIC32MX.SystemCore.pas"/>
        <EditorIndex Value="1"/>
        <TopLine Value="162"/>
        <CursorPos Y="181"/>
        <UsageCount Value="10"/>
        <Loaded Value="True"/>
      </Unit2>
    </Units>
    <JumpHistory Count="30" HistoryIndex="29">
      <Position1>
        <Filename Value="../../Source/MBF.PIC32MX.SystemCore.pas"/>
      </Position1>
      <Position2>
        <Filename Value="Blinky.lpr"/>
        <Caret Line="25"/>
      </Position2>
      <Position3>
        <Filename Value="../../Source/MBF.PIC32MX.SystemCore.pas"/>
        <Caret Line="77" TopLine="58"/>
      </Position3>
      <Position4>
        <Filename Value="../../Source/MBF.PIC32MX.SystemCore.pas"/>
        <Caret Line="78" TopLine="58"/>
      </Position4>
      <Position5>
        <Filename Value="../../Source/MBF.SystemCore.pas"/>
        <Caret Line="240" TopLine="221"/>
      </Position5>
      <Position6>
        <Filename Value="../../Source/MBF.SystemCore.pas"/>
        <Caret Line="252" TopLine="221"/>
      </Position6>
      <Position7>
        <Filename Value="../../Source/MBF.SystemCore.pas"/>
        <Caret Line="253" TopLine="221"/>
      </Position7>
      <Position8>
        <Filename Value="../../Source/MBF.SystemCore.pas"/>
        <Caret Line="256" TopLine="224"/>
      </Position8>
      <Position9>
        <Filename Value="../../Source/MBF.SystemCore.pas"/>
        <Caret Line="258" TopLine="226"/>
      </Position9>
      <Position10>
        <Filename Value="../../Source/MBF.SystemCore.pas"/>
        <Caret Line="261" TopLine="229"/>
      </Position10>
      <Position11>
        <Filename Value="../../Source/MBF.SystemCore.pas"/>
        <Caret Line="262" TopLine="230"/>
      </Position11>
      <Position12>
        <Filename Value="../../Source/MBF.SystemCore.pas"/>
        <Caret Line="264" TopLine="232"/>
      </Position12>
      <Position13>
        <Filename Value="../../Source/MBF.SystemCore.pas"/>
        <Caret Line="265" TopLine="233"/>
      </Position13>
      <Position14>
        <Filename Value="../../Source/MBF.SystemCore.pas"/>
        <Caret Line="270" TopLine="238"/>
      </Position14>
      <Position15>
        <Filename Value="../../Source/MBF.PIC32MX.SystemCore.pas"/>
        <Caret Line="79" TopLine="58"/>
      </Position15>
      <Position16>
        <Filename Value="../../Source/MBF.SystemCore.pas"/>
        <Caret Line="280" TopLine="261"/>
      </Position16>
      <Position17>
        <Filename Value="../../Source/MBF.SystemCore.pas"/>
        <Caret Line="282" TopLine="261"/>
      </Position17>
      <Position18>
        <Filename Value="../../Source/MBF.SystemCore.pas"/>
        <Caret Line="283" TopLine="261"/>
      </Position18>
      <Position19>
        <Filename Value="../../Source/MBF.SystemCore.pas"/>
        <Caret Line="284" TopLine="261"/>
      </Position19>
      <Position20>
        <Filename Value="../../Source/MBF.SystemCore.pas"/>
        <Caret Line="285" TopLine="261"/>
      </Position20>
      <Position21>
        <Filename Value="../../Source/MBF.SystemCore.pas"/>
        <Caret Line="288" TopLine="261"/>
      </Position21>
      <Position22>
        <Filename Value="../../Source/MBF.PIC32MX.SystemCore.pas"/>
        <Caret Line="80" TopLine="58"/>
      </Position22>
      <Position23>
        <Filename Value="Blinky.lpr"/>
        <Caret Line="26"/>
      </Position23>
      <Position24>
        <Filename Value="../../Source/MBF.PIC32MX.SystemCore.pas"/>
        <Caret Line="252" TopLine="220"/>
      </Position24>
      <Position25>
        <Filename Value="../../Source/MBF.PIC32MX.SystemCore.pas"/>
        <Caret Line="253" TopLine="220"/>
      </Position25>
      <Position26>
        <Filename Value="../../Source/MBF.PIC32MX.SystemCore.pas"/>
        <Caret Line="181" TopLine="162"/>
      </Position26>
      <Position27>
        <Filename Value="../../Source/MBF.SystemCore.pas"/>
        <Caret Line="220" TopLine="201"/>
      </Position27>
      <Position28>
        <Filename Value="../../Source/MBF.SystemCore.pas"/>
        <Caret Line="222" TopLine="201"/>
      </Position28>
      <Position29>
        <Filename Value="../../Source/MBF.SystemCore.pas"/>
        <Caret Line="223" TopLine="201"/>
      </Position29>
      <Position30>
        <Filename Value="../../Source/MBF.SystemCore.pas"/>
        <Caret Line="224" TopLine="201"/>
      </Position30>
    </JumpHistory>
  </ProjectOptions>
  <CompilerOptions>
    <Version Value="11"/>
    <Target>
      <Filename Value="Blinky"/>
    </Target>
    <SearchPaths>
      <IncludeFiles Value="../../Source;$(ProjOutDir)"/>
      <OtherUnitFiles Value="../../Source"/>
      <UnitOutputDirectory Value="lib/$(TargetCPU)-$(TargetOS)"/>
    </SearchPaths>
    <Parsing>
      <SyntaxOptions>
        <UseAnsiStrings Value="False"/>
      </SyntaxOptions>
    </Parsing>
    <CodeGeneration>
      <HeapSize Value="8192"/>
      <StackSize Value="8192"/>
      <TargetCPU Value="mipsel"/>
      <TargetOS Value="embedded"/>
    </CodeGeneration>
    <Linking>
      <Debugging>
        <DebugInfoType Value="dsDwarf2"/>
        <UseLineInfoUnit Value="False"/>
      </Debugging>
    </Linking>
    <Other>
      <CustomOptions Value="-Cpmips32r2
-XPmips-sde-elf-
-Wpchipkitlenny
-dchipkitlenny"/>
    </Other>
  </CompilerOptions>
  <Debugging>
    <BreakPoints Count="1">
      <Item1>
        <Kind Value="bpkSource"/>
        <WatchScope Value="wpsLocal"/>
        <WatchKind Value="wpkWrite"/>
        <Source Value="Blinky.lpr"/>
        <Line Value="25"/>
      </Item1>
    </BreakPoints>
  </Debugging>
</CONFIG>
